
Microsoft Visual Studio Solution File, Format Version 12.00
# Visual Studio Version 17
VisualStudioVersion = 17.9.34728.123
MinimumVisualStudioVersion = 10.0.40219.1
Project("{FAE04EC0-301F-11D3-BF4B-00C04F79EFBC}") = "EmailProvider", "EmailProvider\EmailProvider.csproj", "{212306D6-1384-42B9-A6D1-D409AA6B550B}"
EndProject
Global
	GlobalSection(SolutionConfigurationPlatforms) = preSolution
		Debug|Any CPU = Debug|Any CPU
		Release|Any CPU = Release|Any CPU
	EndGlobalSection
	GlobalSection(ProjectConfigurationPlatforms) = postSolution
		{212306D6-1384-42B9-A6D1-D409AA6B550B}.Debug|Any CPU.ActiveCfg = Debug|Any CPU
		{212306D6-1384-42B9-A6D1-D409AA6B550B}.Debug|Any CPU.Build.0 = Debug|Any CPU
		{212306D6-1384-42B9-A6D1-D409AA6B550B}.Release|Any CPU.ActiveCfg = Release|Any CPU
		{212306D6-1384-42B9-A6D1-D409AA6B550B}.Release|Any CPU.Build.0 = Release|Any CPU
	EndGlobalSection
	GlobalSection(SolutionProperties) = preSolution
		HideSolutionNode = FALSE
	EndGlobalSection
	GlobalSection(ExtensibilityGlobals) = postSolution
		SolutionGuid = {C6B5F0FB-7AF9-4779-B5BE-3E222482AEB1}
	EndGlobalSection
EndGlobal
